
Microsoft Visual Studio Solution File, Format Version 11.00
# Visual Studio 2010
# SharpDevelop 5.1
Project("{FAE04EC0-301F-11D3-BF4B-00C04F79EFBC}") = "jogo_v2", "jogo_v2.csproj", "{8F206892-411E-4AD8-97B9-3A6F84930477}"
EndProject
Global
	GlobalSection(SolutionConfigurationPlatforms) = preSolution
		Debug|Any CPU = Debug|Any CPU
		Release|Any CPU = Release|Any CPU
	EndGlobalSection
	GlobalSection(ProjectConfigurationPlatforms) = postSolution
		{8F206892-411E-4AD8-97B9-3A6F84930477}.Debug|Any CPU.ActiveCfg = Debug|Any CPU
		{8F206892-411E-4AD8-97B9-3A6F84930477}.Debug|Any CPU.Build.0 = Debug|Any CPU
		{8F206892-411E-4AD8-97B9-3A6F84930477}.Release|Any CPU.ActiveCfg = Release|Any CPU
		{8F206892-411E-4AD8-97B9-3A6F84930477}.Release|Any CPU.Build.0 = Release|Any CPU
	EndGlobalSection
EndGlobal
